
Microsoft Visual Studio Solution File, Format Version 12.00
# Visual Studio Version 17
VisualStudioVersion = 17.4.33205.214
MinimumVisualStudioVersion = 10.0.40219.1
Project("{9A19103F-16F7-4668-BE54-9A1E7A4F7556}") = "BAUPatientAPI.Website", "BAUPatientAPI.Website\BAUPatientAPI.Website.csproj", "{8672FBD3-3CDF-4C24-A2C7-3BE4B6582A03}"
EndProject
Global
	GlobalSection(SolutionConfigurationPlatforms) = preSolution
		Debug|Any CPU = Debug|Any CPU
		Release|Any CPU = Release|Any CPU
	EndGlobalSection
	GlobalSection(ProjectConfigurationPlatforms) = postSolution
		{8672FBD3-3CDF-4C24-A2C7-3BE4B6582A03}.Debug|Any CPU.ActiveCfg = Debug|Any CPU
		{8672FBD3-3CDF-4C24-A2C7-3BE4B6582A03}.Debug|Any CPU.Build.0 = Debug|Any CPU
		{8672FBD3-3CDF-4C24-A2C7-3BE4B6582A03}.Release|Any CPU.ActiveCfg = Release|Any CPU
		{8672FBD3-3CDF-4C24-A2C7-3BE4B6582A03}.Release|Any CPU.Build.0 = Release|Any CPU
	EndGlobalSection
	GlobalSection(SolutionProperties) = preSolution
		HideSolutionNode = FALSE
	EndGlobalSection
	GlobalSection(ExtensibilityGlobals) = postSolution
		SolutionGuid = {88EE06BF-F471-442B-9B23-9D5BB184B9E9}
	EndGlobalSection
EndGlobal
